
Microsoft Visual Studio Solution File, Format Version 12.00
# Visual Studio 15
VisualStudioVersion = 15.0.27428.2015
MinimumVisualStudioVersion = 10.0.40219.1
Project("{FAE04EC0-301F-11D3-BF4B-00C04F79EFBC}") = "Samurai", "Samurai\Samurai.csproj", "{EC64401A-B03D-4CA7-A99E-5EE3EAB33B1D}"
EndProject
Global
	GlobalSection(SolutionConfigurationPlatforms) = preSolution
		Debug|Any CPU = Debug|Any CPU
		Release|Any CPU = Release|Any CPU
	EndGlobalSection
	GlobalSection(ProjectConfigurationPlatforms) = postSolution
		{EC64401A-B03D-4CA7-A99E-5EE3EAB33B1D}.Debug|Any CPU.ActiveCfg = Debug|Any CPU
		{EC64401A-B03D-4CA7-A99E-5EE3EAB33B1D}.Debug|Any CPU.Build.0 = Debug|Any CPU
		{EC64401A-B03D-4CA7-A99E-5EE3EAB33B1D}.Release|Any CPU.ActiveCfg = Release|Any CPU
		{EC64401A-B03D-4CA7-A99E-5EE3EAB33B1D}.Release|Any CPU.Build.0 = Release|Any CPU
	EndGlobalSection
	GlobalSection(SolutionProperties) = preSolution
		HideSolutionNode = FALSE
	EndGlobalSection
	GlobalSection(ExtensibilityGlobals) = postSolution
		SolutionGuid = {27C01949-0DEF-4EE2-8B16-47C0599345C7}
	EndGlobalSection
EndGlobal
